
Microsoft Visual Studio Solution File, Format Version 12.00
# Visual Studio 15
VisualStudioVersion = 15.0.28307.168
MinimumVisualStudioVersion = 10.0.40219.1
Project("{FAE04EC0-301F-11D3-BF4B-00C04F79EFBC}") = "Die eigene IP ermitteln", "Die eigene IP ermitteln\Die eigene IP ermitteln.csproj", "{7F180EF9-D3FA-484A-B4A5-7F2FC4628AEC}"
EndProject
Global
	GlobalSection(SolutionConfigurationPlatforms) = preSolution
		Debug|Any CPU = Debug|Any CPU
		Release|Any CPU = Release|Any CPU
	EndGlobalSection
	GlobalSection(ProjectConfigurationPlatforms) = postSolution
		{7F180EF9-D3FA-484A-B4A5-7F2FC4628AEC}.Debug|Any CPU.ActiveCfg = Debug|Any CPU
		{7F180EF9-D3FA-484A-B4A5-7F2FC4628AEC}.Debug|Any CPU.Build.0 = Debug|Any CPU
		{7F180EF9-D3FA-484A-B4A5-7F2FC4628AEC}.Release|Any CPU.ActiveCfg = Release|Any CPU
		{7F180EF9-D3FA-484A-B4A5-7F2FC4628AEC}.Release|Any CPU.Build.0 = Release|Any CPU
	EndGlobalSection
	GlobalSection(SolutionProperties) = preSolution
		HideSolutionNode = FALSE
	EndGlobalSection
	GlobalSection(ExtensibilityGlobals) = postSolution
		SolutionGuid = {9D946C67-A6A7-464F-A011-AAE176EDA9BD}
	EndGlobalSection
EndGlobal
